{
    "repository": "https://github.com/sauljabin/kaskade",
    "versions": [
        {
            "version": "Unreleased",
            "changes": [
                {
                    "type": "Changed",
                    "entries": [
                        "New screenshots doc"
                    ]
                },
                {
                    "type": "Fixed",
                    "entries": [
                        "Error when getting min insyc replicas https://github.com/sauljabin/kaskade/issues/35"
                    ]
                }
            ]
        },
        {
            "version": "2.3.1",
            "date": "2024-07-15",
            "changes": [
                {
                    "type": "Added",
                    "entries": [
                        "New typo analyzer"
                    ]
                },
                {
                    "type": "Fixed",
                    "entries": [
                        "Radio set css"
                    ]
                }
            ]
        },
        {
            "version": "2.3.0",
            "date": "2024-07-15",
            "changes": [
                {
                    "type": "Added",
                    "entries": [
                        "New consumer shortcut for resetting filters"
                    ]
                },
                {
                    "type": "Changed",
                    "entries": [
                        "Protobuf help message",
                        "New banner",
                        "Update libraries"
                    ]
                },
                {
                    "type": "Removed",
                    "entries": [
                        "Alias kskd to avoid confusions"
                    ]
                }
            ]
        },
        {
            "version": "2.2.0",
            "date": "2024-07-13",
            "changes": [
                {
                    "type": "Added",
                    "entries": [
                        "New unit tests",
                        "New click facade 'cloup'",
                        "New protobuf deserializer",
                        "New protobuf options",
                        "Configuration validations"
                    ]
                },
                {
                    "type": "Changed",
                    "entries": [
                        "Help messages"
                    ]
                }
            ]
        },
        {
            "version": "2.1.6",
            "date": "2024-07-11",
            "changes": [
                {
                    "type": "Changed",
                    "entries": [
                        "Upgrade kafka library"
                    ]
                }
            ]
        },
        {
            "version": "2.1.5",
            "date": "2024-07-10",
            "changes": [
                {
                    "type": "Added",
                    "entries": [
                        "add TERM and COLORTERM env variables to docker"
                    ]
                }
            ]
        },
        {
            "version": "2.1.4",
            "date": "2024-07-09",
            "changes": [
                {
                    "type": "Changed",
                    "entries": [
                        "Remove pyfiglet dependency",
                        "Update consumer theme"
                    ]
                }
            ]
        },
        {
            "version": "2.1.3",
            "date": "2024-07-09",
            "changes": [
                {
                    "type": "Changed",
                    "entries": [
                        "Upgrade pypi deployment"
                    ]
                }
            ]
        },
        {
            "version": "2.1.2",
            "date": "2024-07-09",
            "changes": [
                {
                    "type": "Changed",
                    "entries": [
                        "Upgrade textual library"
                    ]
                }
            ]
        },
        {
            "version": "2.1.1",
            "date": "2024-07-02",
            "changes": [
                {
                    "type": "Changed",
                    "entries": [
                        "Lag is the result of a sum instead of a max",
                        "Upgrade textual library"
                    ]
                }
            ]
        },
        {
            "version": "2.1.0",
            "date": "2024-06-30",
            "changes": [
                {
                    "type": "Added",
                    "entries": [
                        "New edit topic screen",
                        "Enforce to type topic's name when deleting",
                        "Modify the chunk size on the consumer",
                        "Consumer filters",
                        "Remove schema registry magic bytes on json deserializer",
                        "Add support for native deserialization: boolean, floata dn long"
                    ]
                },
                {
                    "type": "Changed",
                    "entries": [
                        "Improve consumer performance"
                    ]
                },
                {
                    "type": "Fixed",
                    "entries": [
                        "Using the right retention config name",
                        "Duplicated headers were hidden. Now it shows duplicated headers"
                    ]
                }
            ]
        },
        {
            "version": "2.0.1",
            "date": "2024-06-27",
            "changes": [
                {
                    "type": "Fixed",
                    "entries": [
                        "Documentation and help"
                    ]
                }
            ]
        },
        {
            "version": "2.0.0",
            "date": "2024-06-27",
            "changes": [
                {
                    "type": "Added",
                    "entries": [
                        "Update scripts",
                        "Add chageloggh",
                        "New arguments",
                        "Topic filter",
                        "Json deserialization",
                        "Create and delete topic"
                    ]
                },
                {
                    "type": "Changed",
                    "entries": [
                        "New styles",
                        "textual and confluent-kafka upgraded",
                        "Command admin and consumer"
                    ]
                },
                {
                    "type": "Removed",
                    "entries": [
                        "Unit test, confluent-kafka and textual are changing a lot",
                        "Schema registry"
                    ]
                }
            ]
        },
        {
            "version": "1.1.8",
            "date": "2022-07-26",
            "changes": [
                {
                    "type": "Fixed",
                    "entries": [
                        "Fix scrolling"
                    ]
                }
            ]
        },
        {
            "version": "1.1.7",
            "date": "2022-07-25",
            "changes": [
                {
                    "type": "Fixed",
                    "entries": [
                        "Error when looking for config files"
                    ]
                }
            ]
        },
        {
            "version": "1.1.6",
            "date": "2022-07-25",
            "changes": [
                {
                    "type": "Fixed",
                    "entries": [
                        "Unpack schema id error"
                    ]
                }
            ]
        },
        {
            "version": "1.1.5",
            "date": "2022-07-25",
            "changes": [
                {
                    "type": "Fixed",
                    "entries": [
                        "Schema registry error accessing internal object"
                    ]
                }
            ]
        },
        {
            "version": "1.1.4",
            "date": "2022-07-25",
            "changes": [
                {
                    "type": "Fixed",
                    "entries": [
                        "Close session error when None"
                    ]
                }
            ]
        },
        {
            "version": "1.1.3",
            "date": "2022-07-25",
            "changes": [
                {
                    "type": "Fixed",
                    "entries": [
                        "Unicode error",
                        "Close socket error when calling schema registry"
                    ]
                }
            ]
        },
        {
            "version": "1.1.2",
            "date": "2022-07-24",
            "changes": [
                {
                    "type": "Fixed",
                    "entries": [
                        "Error when consuming key and value None"
                    ]
                }
            ]
        },
        {
            "version": "1.1.1",
            "date": "2022-07-24",
            "changes": [
                {
                    "type": "Fixed",
                    "entries": [
                        "Remove an unused setting"
                    ]
                }
            ]
        },
        {
            "version": "1.1.0",
            "date": "2022-07-24",
            "changes": [
                {
                    "type": "Added",
                    "entries": [
                        "Show/Hide internal topics"
                    ]
                },
                {
                    "type": "Fixed",
                    "entries": [
                        "Error when kafka has empty groups"
                    ]
                }
            ]
        },
        {
            "version": "1.0.0",
            "date": "2022-07-24",
            "changes": [
                {
                    "type": "Add",
                    "entries": [
                        "Schema registry support"
                    ]
                }
            ]
        }
    ]
}